Microsoft Visual Studio Solution File, Format Version 12.00
# Visual Studio Version 17
VisualStudioVersion = 17.5.2.0
MinimumVisualStudioVersion = 10.0.40219.1
Project("{FAE04EC0-301F-11D3-BF4B-00C04F79EFBC}") = "ASTEditor", "ASTEditor.csproj", "{67B68201-37B7-C462-532F-00A2FAF9EFDC}"
EndProject
Global
	GlobalSection(SolutionConfigurationPlatforms) = preSolution
		Debug|Any CPU = Debug|Any CPU
		Release|Any CPU = Release|Any CPU
	EndGlobalSection
	GlobalSection(ProjectConfigurationPlatforms) = postSolution
		{67B68201-37B7-C462-532F-00A2FAF9EFDC}.Debug|Any CPU.ActiveCfg = Debug|Any CPU
		{67B68201-37B7-C462-532F-00A2FAF9EFDC}.Debug|Any CPU.Build.0 = Debug|Any CPU
		{67B68201-37B7-C462-532F-00A2FAF9EFDC}.Release|Any CPU.ActiveCfg = Release|Any CPU
		{67B68201-37B7-C462-532F-00A2FAF9EFDC}.Release|Any CPU.Build.0 = Release|Any CPU
	EndGlobalSection
	GlobalSection(SolutionProperties) = preSolution
		HideSolutionNode = FALSE
	EndGlobalSection
	GlobalSection(ExtensibilityGlobals) = postSolution
		SolutionGuid = {46C8DBCB-43B1-4620-B487-28D536103B66}
	EndGlobalSection
EndGlobal
